
Microsoft Visual Studio Solution File, Format Version 11.00
# Visual Studio 2010
Project("{FAE04EC0-301F-11D3-BF4B-00C04F79EFBC}") = "Kadish Battle", "Assembly-CSharp.csproj", "{88446420-16BB-9904-363C-11C6346661C0}"
EndProject
Project("{FAE04EC0-301F-11D3-BF4B-00C04F79EFBC}") = "Kadish Battle", "Assembly-CSharp-Editor.csproj", "{D59B16EC-68E6-5F67-8285-C172F60227D2}"
EndProject
Project("{FAE04EC0-301F-11D3-BF4B-00C04F79EFBC}") = "Kadish Battle", "Assembly-UnityScript-Editor-firstpass.unityproj", "{736C93EC-44E1-3979-1A85-BD698B901B5D}"
EndProject
Global
	GlobalSection(SolutionConfigurationPlatforms) = preSolution
		Debug|Any CPU = Debug|Any CPU
		Release|Any CPU = Release|Any CPU
	EndGlobalSection
	GlobalSection(ProjectConfigurationPlatforms) = postSolution
		{88446420-16BB-9904-363C-11C6346661C0}.Debug|Any CPU.ActiveCfg = Debug|Any CPU
		{88446420-16BB-9904-363C-11C6346661C0}.Debug|Any CPU.Build.0 = Debug|Any CPU
		{88446420-16BB-9904-363C-11C6346661C0}.Release|Any CPU.ActiveCfg = Release|Any CPU
		{88446420-16BB-9904-363C-11C6346661C0}.Release|Any CPU.Build.0 = Release|Any CPU
		{D59B16EC-68E6-5F67-8285-C172F60227D2}.Debug|Any CPU.ActiveCfg = Debug|Any CPU
		{D59B16EC-68E6-5F67-8285-C172F60227D2}.Debug|Any CPU.Build.0 = Debug|Any CPU
		{D59B16EC-68E6-5F67-8285-C172F60227D2}.Release|Any CPU.ActiveCfg = Release|Any CPU
		{D59B16EC-68E6-5F67-8285-C172F60227D2}.Release|Any CPU.Build.0 = Release|Any CPU
		{736C93EC-44E1-3979-1A85-BD698B901B5D}.Debug|Any CPU.ActiveCfg = Debug|Any CPU
		{736C93EC-44E1-3979-1A85-BD698B901B5D}.Debug|Any CPU.Build.0 = Debug|Any CPU
		{736C93EC-44E1-3979-1A85-BD698B901B5D}.Release|Any CPU.ActiveCfg = Release|Any CPU
		{736C93EC-44E1-3979-1A85-BD698B901B5D}.Release|Any CPU.Build.0 = Release|Any CPU
	EndGlobalSection
	GlobalSection(SolutionProperties) = preSolution
		HideSolutionNode = FALSE
	EndGlobalSection
	GlobalSection(MonoDevelopProperties) = preSolution
		StartupItem = Assembly-CSharp.csproj
	EndGlobalSection
EndGlobal
